<Solution>
  <Folder Name="/src/">
    <Project Path="src/Doroti.Backends.Skia/Doroti.Backends.Skia.csproj" />
    <Project Path="src/Doroti.Composition/Doroti.Composition.csproj" />
    <Project Path="src/Doroti.Core/Doroti.Core.csproj" />
    <Project Path="src/Doroti.Engine/Doroti.Engine.csproj" />
    <Project Path="src/Doroti.Runtime/Doroti.Runtime.csproj" />
    <Project Path="src/Doroti.Ui/Doroti.Ui.csproj" />
    <Project Path="src/Doroti.Hosting/Doroti.Hosting.csproj" />
    <Project Path="src/Doroti.Framework.Foundation/Doroti.Framework.Foundation.csproj" />
    <Project Path="src/Doroti.Framework.Scheduler/Doroti.Framework.Scheduler.csproj" />
    <Project Path="src/Doroti.Framework.Services/Doroti.Framework.Services.csproj" />
    <Project Path="src/Doroti.Framework.Physics/Doroti.Framework.Physics.csproj" />
    <Project Path="src/Doroti.Framework.Animation/Doroti.Framework.Animation.csproj" />
    <Project Path="src/Doroti.Framework.Gestures/Doroti.Framework.Gestures.csproj" />
    <Project Path="src/Doroti.Framework.Painting/Doroti.Framework.Painting.csproj" />
    <Project Path="src/Doroti.Framework.Semantics/Doroti.Framework.Semantics.csproj" />
    <Project Path="src/Doroti.Framework.Rendering/Doroti.Framework.Rendering.csproj" />
    <Project Path="src/Doroti.Framework.Widgets/Doroti.Framework.Widgets.csproj" />
    <Project Path="src/Doroti.Framework.Cupertino/Doroti.Framework.Cupertino.csproj" />
    <Project Path="src/Doroti.Framework.Material/Doroti.Framework.Material.csproj" />
    <Project Path="src/Doroti.Graphics/Doroti.Graphics.csproj" />
    <Project Path="src/Doroti.Host.Desktop/Doroti.Host.Desktop.csproj" />
    <Project Path="src/Doroti.Host.Desktop.Framework/Doroti.Host.Desktop.Framework.csproj" />
    <Project Path="src/Doroti.Host.Web/Doroti.Host.Web.csproj" />
    <Project Path="src/Doroti.Host.Maui/Doroti.Host.Maui.csproj" />
    <Project Path="src/Doroti.Platform/Doroti.Platform.csproj" />
    <Project Path="src/Doroti.Rendering/Doroti.Rendering.csproj" />
    <Project Path="src/Doroti.Shell.Core/Doroti.Shell.Core.csproj" />
    <Project Path="src/Doroti.Target.Windows.win-x64/Doroti.Target.Windows.win-x64.csproj" />
    <Project Path="src/Doroti.Target.macOS.osx-arm64/Doroti.Target.macOS.osx-arm64.csproj" />
    <Project Path="src/Doroti.Target.Windows.Maui.win-x64/Doroti.Target.Windows.Maui.win-x64.csproj" />
    <Project Path="src/Doroti.Target.MacCatalyst.Maui.maccatalyst-arm64/Doroti.Target.MacCatalyst.Maui.maccatalyst-arm64.csproj" />
    <Project Path="src/Doroti.Target.Web.browser-wasm/Doroti.Target.Web.browser-wasm.csproj" />
    <Project Path="src/Doroti.Vendor.Avalonia.Skia/Doroti.Vendor.Avalonia.Skia.csproj" />
    <Project Path="src/Doroti.Vendor.Avalonia.Base/Doroti.Vendor.Avalonia.Base.csproj" />
    <Project Path="src/Doroti.Vendor.Avalonia.Win32/Doroti.Vendor.Avalonia.Win32.csproj" />
    <Project Path="src/Doroti.Vendor.Avalonia.Native/Doroti.Vendor.Avalonia.Native.csproj" />
  </Folder>
  <Project Path="src/Doroti.Analyzers/Doroti.Analyzers.csproj" />
  <Project Path="src/Doroti.App.Sdk/Doroti.App.Sdk.csproj" />
  <Folder Name="/samples/">
    <Project Path="../DorotiDemoApp/DorotiDemoApp.csproj" />
  </Folder>
  <Folder Name="/templates/">
    <Project Path="templates/Doroti.Templates/Doroti.Templates.csproj" />
  </Folder>
</Solution>
