<Solution>
  <Folder Name="/src/">
    <Project Path="src/Doroti.Backends.Skia/Doroti.Backends.Skia.csproj" />
    <Project Path="src/Doroti.Composition/Doroti.Composition.csproj" />
    <Project Path="src/Doroti.Core/Doroti.Core.csproj" />
    <Project Path="src/Doroti.Engine/Doroti.Engine.csproj" />
    <Project Path="src/Doroti.Flutter.Runtime/Doroti.Flutter.Runtime.csproj" />
    <Project Path="src/Doroti.Flutter.Ui/Doroti.Flutter.Ui.csproj" />
    <Project Path="src/Doroti.Flutter.Hosting/Doroti.Flutter.Hosting.csproj" />
    <Project Path="src/Doroti.Flutter.Framework.Foundation/Doroti.Flutter.Framework.Foundation.csproj" />
    <Project Path="src/Doroti.Flutter.Framework.Scheduler/Doroti.Flutter.Framework.Scheduler.csproj" />
    <Project Path="src/Doroti.Flutter.Framework.Services/Doroti.Flutter.Framework.Services.csproj" />
    <Project Path="src/Doroti.Flutter.Framework.Physics/Doroti.Flutter.Framework.Physics.csproj" />
    <Project Path="src/Doroti.Flutter.Framework.Animation/Doroti.Flutter.Framework.Animation.csproj" />
    <Project Path="src/Doroti.Flutter.Framework.Gestures/Doroti.Flutter.Framework.Gestures.csproj" />
    <Project Path="src/Doroti.Flutter.Framework.Painting/Doroti.Flutter.Framework.Painting.csproj" />
    <Project Path="src/Doroti.Flutter.Framework.Semantics/Doroti.Flutter.Framework.Semantics.csproj" />
    <Project Path="src/Doroti.Flutter.Framework.Rendering/Doroti.Flutter.Framework.Rendering.csproj" />
    <Project Path="src/Doroti.Flutter.Framework.Widgets/Doroti.Flutter.Framework.Widgets.csproj" />
    <Project Path="src/Doroti.Flutter.Framework.Cupertino/Doroti.Flutter.Framework.Cupertino.csproj" />
    <Project Path="src/Doroti.Flutter.Framework.Material/Doroti.Flutter.Framework.Material.csproj" />
    <Project Path="src/Doroti.Graphics/Doroti.Graphics.csproj" />
    <Project Path="src/Doroti.Host.Desktop/Doroti.Host.Desktop.csproj" />
    <Project Path="src/Doroti.Host.Desktop.Flutter/Doroti.Host.Desktop.Flutter.csproj" />
    <Project Path="src/Doroti.Platform/Doroti.Platform.csproj" />
    <Project Path="src/Doroti.Rendering/Doroti.Rendering.csproj" />
    <Project Path="src/Doroti.Shell.Core/Doroti.Shell.Core.csproj" />
    <Project Path="src/Doroti.Target.Windows.win-x64/Doroti.Target.Windows.win-x64.csproj" />
    <Project Path="src/Doroti.Vendor.Avalonia.Skia/Doroti.Vendor.Avalonia.Skia.csproj" />
    <Project Path="src/Doroti.Vendor.Avalonia.Base/Doroti.Vendor.Avalonia.Base.csproj" />
    <Project Path="src/Doroti.Vendor.Avalonia.Win32/Doroti.Vendor.Avalonia.Win32.csproj" />
  </Folder>
  <Project Path="src/Doroti.Analyzers/Doroti.Analyzers.csproj" />
</Solution>
