<Solution>
  <Folder Name="/src/">
    <Project Path="src/Doroti.Graphics.DisplayList/Doroti.Graphics.DisplayList.csproj" />
    <Project Path="src/Doroti.Runtime/Doroti.Runtime.csproj" />
    <Project Path="src/Doroti.Ui/Doroti.Ui.csproj" />
    <Project Path="src/Doroti.Hosting/Doroti.Hosting.csproj" />
    <Project Path="src/Doroti.Framework.Foundation/Doroti.Framework.Foundation.csproj" />
    <Project Path="src/Doroti.Framework.Scheduler/Doroti.Framework.Scheduler.csproj" />
    <Project Path="src/Doroti.Framework.Services/Doroti.Framework.Services.csproj" />
    <Project Path="src/Doroti.Framework.Physics/Doroti.Framework.Physics.csproj" />
    <Project Path="src/Doroti.Framework.Animation/Doroti.Framework.Animation.csproj" />
    <Project Path="src/Doroti.Framework.Gestures/Doroti.Framework.Gestures.csproj" />
    <Project Path="src/Doroti.Framework.Painting/Doroti.Framework.Painting.csproj" />
    <Project Path="src/Doroti.Framework.Semantics/Doroti.Framework.Semantics.csproj" />
    <Project Path="src/Doroti.Framework.Rendering/Doroti.Framework.Rendering.csproj" />
    <Project Path="src/Doroti.Framework.Widgets/Doroti.Framework.Widgets.csproj" />
    <Project Path="src/Doroti.Framework.Cupertino/Doroti.Framework.Cupertino.csproj" />
    <Project Path="src/Doroti.Framework.Material/Doroti.Framework.Material.csproj" />
    <Project Path="src/Doroti.Host.Web/Doroti.Host.Web.csproj" />
    <Project Path="src/Doroti.Host.Maui/Doroti.Host.Maui.csproj" />
    <Project Path="src/Doroti.Host.WindowsAppSdk/Doroti.Host.WindowsAppSdk.csproj" />
    <Project Path="src/Doroti.Host.WindowsAppSdk.Diagnostics/Doroti.Host.WindowsAppSdk.Diagnostics.csproj" />
    <Project Path="src/Doroti.Host.Qt/Doroti.Host.Qt.csproj" />
    <Project Path="src/Doroti.Runner.Sdk/Doroti.Runner.Sdk.csproj" />
    <Project Path="src/Doroti.Skia.RuntimeEffects/Doroti.Skia.RuntimeEffects.csproj" />
    <Project Path="src/Doroti.Skia.Rendering/Doroti.Skia.Rendering.csproj" />
    <Project Path="src/Doroti.Target.Windows.Maui.win-x64/Doroti.Target.Windows.Maui.win-x64.csproj" />
    <Project Path="src/Doroti.Target.Windows.WindowsAppSdk.win-x64/Doroti.Target.Windows.WindowsAppSdk.win-x64.csproj" />
    <Project Path="src/Doroti.Target.MacCatalyst.Maui.maccatalyst-arm64/Doroti.Target.MacCatalyst.Maui.maccatalyst-arm64.csproj" />
    <Project Path="src/Doroti.Target.MacOS.Maui.osx-arm64/Doroti.Target.MacOS.Maui.osx-arm64.csproj" />
    <Project Path="src/Doroti.Target.iOS.Maui.ios-arm64/Doroti.Target.iOS.Maui.ios-arm64.csproj" />
    <Project Path="src/Doroti.Target.iOS.Maui.iossimulator-arm64/Doroti.Target.iOS.Maui.iossimulator-arm64.csproj" />
    <Project Path="src/Doroti.Target.iOS.Maui.iossimulator-x64/Doroti.Target.iOS.Maui.iossimulator-x64.csproj" />
    <Project Path="src/Doroti.Target.Android.Maui.android-arm64/Doroti.Target.Android.Maui.android-arm64.csproj" />
    <Project Path="src/Doroti.Target.Android.Maui.android-x64/Doroti.Target.Android.Maui.android-x64.csproj" />
    <Project Path="src/Doroti.Target.Web.browser-wasm/Doroti.Target.Web.browser-wasm.csproj" />
    <Project Path="src/Doroti.Target.Linux.Qt.linux-x64/Doroti.Target.Linux.Qt.linux-x64.csproj" />
  </Folder>
  <Project Path="src/Doroti.App.Sdk/Doroti.App.Sdk.csproj" />
  <Folder Name="/samples/">
    <Project Path="../DorotiDemoApp/DorotiDemoApp.csproj" />
    <Project Path="../DorotiDemoApp/windows/DorotiDemoApp.Windows.csproj" />
    <Project Path="../DorotiDemoApp/windowsappsdk/DorotiDemoApp.WindowsAppSdk.csproj" />
    <Project Path="../DorotiDemoApp/web/DorotiDemoApp.Web.csproj" />
    <Project Path="../DorotiDemoApp/android/DorotiDemoApp.Android.csproj" />
    <Project Path="../DorotiDemoApp/android/binding/DorotiDemoApp.Android.Native.csproj" />
    <Project Path="../DorotiDemoApp/macos/DorotiDemoApp.MacCatalyst.csproj" />
    <Project Path="../DorotiDemoApp/macos/binding/DorotiDemoApp.MacCatalyst.Native.csproj" />
    <Project Path="../DorotiDemoApp/macos/DorotiDemoApp.MacOS.csproj" />
    <Project Path="../DorotiDemoApp/macos/binding/DorotiDemoApp.MacOS.Native.csproj" />
    <Project Path="../DorotiDemoApp/ios/DorotiDemoApp.iOS.csproj" />
    <Project Path="../DorotiDemoApp/ios/binding/DorotiDemoApp.iOS.Native.csproj" />
    <Project Path="../DorotiDemoApp/linux/DorotiDemoApp.Linux.csproj" />
  </Folder>
  <Folder Name="/validation/app-runner/">
    <Project Path="validation/app-runner/synthetic-app/SyntheticApp.csproj" />
    <Project Path="validation/app-runner/synthetic-runner/SyntheticRunner.csproj" />
  </Folder>
  <Folder Name="/validation/linux-qt/">
    <Project Path="validation/linux-qt-contract/Doroti.Validation.LinuxQtContract.csproj" />
  </Folder>
  <Folder Name="/validation/protocol/">
    <Project Path="validation/display-list-contract/Doroti.Validation.DisplayListContract.csproj" />
  </Folder>
  <Folder Name="/validation/windows-app-sdk/">
    <Project Path="validation/windowsappsdk-24-preflight/Doroti.Validation.WindowsAppSdk24Preflight.csproj" />
  </Folder>
  <Folder Name="/templates/">
    <Project Path="templates/Doroti.Templates/Doroti.Templates.csproj" />
  </Folder>
</Solution>
