{
  "version": 2,
  "dependencies": {
    "net10.0": {
      "doroti.flutter.framework.animation": {
        "type": "Project",
        "dependencies": {
          "Doroti.Flutter.Framework.Foundation": "[0.2.0-beta, )",
          "Doroti.Flutter.Framework.Physics": "[0.2.0-beta, )",
          "Doroti.Flutter.Framework.Scheduler": "[0.2.0-beta, )",
          "Doroti.Flutter.Framework.Services": "[0.2.0-beta, )",
          "Doroti.Flutter.Runtime": "[0.2.0-beta, )",
          "Doroti.Flutter.Ui": "[0.2.0-beta, )"
        }
      },
      "doroti.flutter.framework.cupertino": {
        "type": "Project",
        "dependencies": {
          "Doroti.Flutter.Framework.Animation": "[0.2.0-beta, )",
          "Doroti.Flutter.Framework.Foundation": "[0.2.0-beta, )",
          "Doroti.Flutter.Framework.Gestures": "[0.2.0-beta, )",
          "Doroti.Flutter.Framework.Painting": "[0.2.0-beta, )",
          "Doroti.Flutter.Framework.Physics": "[0.2.0-beta, )",
          "Doroti.Flutter.Framework.Rendering": "[0.2.0-beta, )",
          "Doroti.Flutter.Framework.Scheduler": "[0.2.0-beta, )",
          "Doroti.Flutter.Framework.Semantics": "[0.2.0-beta, )",
          "Doroti.Flutter.Framework.Services": "[0.2.0-beta, )",
          "Doroti.Flutter.Framework.Widgets": "[0.2.0-beta, )",
          "Doroti.Flutter.Runtime": "[0.2.0-beta, )",
          "Doroti.Flutter.Ui": "[0.2.0-beta, )"
        }
      },
      "doroti.flutter.framework.foundation": {
        "type": "Project",
        "dependencies": {
          "Doroti.Flutter.Runtime": "[0.2.0-beta, )",
          "Doroti.Flutter.Ui": "[0.2.0-beta, )"
        }
      },
      "doroti.flutter.framework.gestures": {
        "type": "Project",
        "dependencies": {
          "Doroti.Flutter.Framework.Foundation": "[0.2.0-beta, )",
          "Doroti.Flutter.Framework.Scheduler": "[0.2.0-beta, )",
          "Doroti.Flutter.Framework.Services": "[0.2.0-beta, )",
          "Doroti.Flutter.Runtime": "[0.2.0-beta, )",
          "Doroti.Flutter.Ui": "[0.2.0-beta, )"
        }
      },
      "doroti.flutter.framework.material": {
        "type": "Project",
        "dependencies": {
          "Doroti.Flutter.Framework.Animation": "[0.2.0-beta, )",
          "Doroti.Flutter.Framework.Cupertino": "[0.2.0-beta, )",
          "Doroti.Flutter.Framework.Foundation": "[0.2.0-beta, )",
          "Doroti.Flutter.Framework.Gestures": "[0.2.0-beta, )",
          "Doroti.Flutter.Framework.Painting": "[0.2.0-beta, )",
          "Doroti.Flutter.Framework.Physics": "[0.2.0-beta, )",
          "Doroti.Flutter.Framework.Rendering": "[0.2.0-beta, )",
          "Doroti.Flutter.Framework.Scheduler": "[0.2.0-beta, )",
          "Doroti.Flutter.Framework.Semantics": "[0.2.0-beta, )",
          "Doroti.Flutter.Framework.Services": "[0.2.0-beta, )",
          "Doroti.Flutter.Framework.Widgets": "[0.2.0-beta, )",
          "Doroti.Flutter.Runtime": "[0.2.0-beta, )",
          "Doroti.Flutter.Ui": "[0.2.0-beta, )"
        }
      },
      "doroti.flutter.framework.painting": {
        "type": "Project",
        "dependencies": {
          "Doroti.Flutter.Framework.Animation": "[0.2.0-beta, )",
          "Doroti.Flutter.Framework.Foundation": "[0.2.0-beta, )",
          "Doroti.Flutter.Framework.Gestures": "[0.2.0-beta, )",
          "Doroti.Flutter.Framework.Physics": "[0.2.0-beta, )",
          "Doroti.Flutter.Framework.Scheduler": "[0.2.0-beta, )",
          "Doroti.Flutter.Framework.Services": "[0.2.0-beta, )",
          "Doroti.Flutter.Runtime": "[0.2.0-beta, )",
          "Doroti.Flutter.Ui": "[0.2.0-beta, )"
        }
      },
      "doroti.flutter.framework.physics": {
        "type": "Project",
        "dependencies": {
          "Doroti.Flutter.Framework.Foundation": "[0.2.0-beta, )",
          "Doroti.Flutter.Framework.Scheduler": "[0.2.0-beta, )",
          "Doroti.Flutter.Framework.Services": "[0.2.0-beta, )",
          "Doroti.Flutter.Runtime": "[0.2.0-beta, )",
          "Doroti.Flutter.Ui": "[0.2.0-beta, )"
        }
      },
      "doroti.flutter.framework.rendering": {
        "type": "Project",
        "dependencies": {
          "Doroti.Flutter.Framework.Animation": "[0.2.0-beta, )",
          "Doroti.Flutter.Framework.Foundation": "[0.2.0-beta, )",
          "Doroti.Flutter.Framework.Gestures": "[0.2.0-beta, )",
          "Doroti.Flutter.Framework.Painting": "[0.2.0-beta, )",
          "Doroti.Flutter.Framework.Physics": "[0.2.0-beta, )",
          "Doroti.Flutter.Framework.Scheduler": "[0.2.0-beta, )",
          "Doroti.Flutter.Framework.Semantics": "[0.2.0-beta, )",
          "Doroti.Flutter.Framework.Services": "[0.2.0-beta, )",
          "Doroti.Flutter.Runtime": "[0.2.0-beta, )",
          "Doroti.Flutter.Ui": "[0.2.0-beta, )"
        }
      },
      "doroti.flutter.framework.scheduler": {
        "type": "Project",
        "dependencies": {
          "Doroti.Flutter.Framework.Foundation": "[0.2.0-beta, )",
          "Doroti.Flutter.Runtime": "[0.2.0-beta, )",
          "Doroti.Flutter.Ui": "[0.2.0-beta, )"
        }
      },
      "doroti.flutter.framework.semantics": {
        "type": "Project",
        "dependencies": {
          "Doroti.Flutter.Framework.Animation": "[0.2.0-beta, )",
          "Doroti.Flutter.Framework.Foundation": "[0.2.0-beta, )",
          "Doroti.Flutter.Framework.Gestures": "[0.2.0-beta, )",
          "Doroti.Flutter.Framework.Painting": "[0.2.0-beta, )",
          "Doroti.Flutter.Framework.Physics": "[0.2.0-beta, )",
          "Doroti.Flutter.Framework.Scheduler": "[0.2.0-beta, )",
          "Doroti.Flutter.Framework.Services": "[0.2.0-beta, )",
          "Doroti.Flutter.Runtime": "[0.2.0-beta, )",
          "Doroti.Flutter.Ui": "[0.2.0-beta, )"
        }
      },
      "doroti.flutter.framework.services": {
        "type": "Project",
        "dependencies": {
          "Doroti.Flutter.Framework.Foundation": "[0.2.0-beta, )",
          "Doroti.Flutter.Framework.Scheduler": "[0.2.0-beta, )",
          "Doroti.Flutter.Runtime": "[0.2.0-beta, )",
          "Doroti.Flutter.Ui": "[0.2.0-beta, )"
        }
      },
      "doroti.flutter.framework.widgets": {
        "type": "Project",
        "dependencies": {
          "Doroti.Flutter.Framework.Animation": "[0.2.0-beta, )",
          "Doroti.Flutter.Framework.Foundation": "[0.2.0-beta, )",
          "Doroti.Flutter.Framework.Gestures": "[0.2.0-beta, )",
          "Doroti.Flutter.Framework.Painting": "[0.2.0-beta, )",
          "Doroti.Flutter.Framework.Physics": "[0.2.0-beta, )",
          "Doroti.Flutter.Framework.Rendering": "[0.2.0-beta, )",
          "Doroti.Flutter.Framework.Scheduler": "[0.2.0-beta, )",
          "Doroti.Flutter.Framework.Semantics": "[0.2.0-beta, )",
          "Doroti.Flutter.Framework.Services": "[0.2.0-beta, )",
          "Doroti.Flutter.Runtime": "[0.2.0-beta, )",
          "Doroti.Flutter.Ui": "[0.2.0-beta, )"
        }
      },
      "doroti.flutter.runtime": {
        "type": "Project",
        "dependencies": {
          "MaterialColorUtilities": "[0.3.0, )"
        }
      },
      "doroti.flutter.ui": {
        "type": "Project",
        "dependencies": {
          "Doroti.Flutter.Runtime": "[0.2.0-beta, )"
        }
      },
      "MaterialColorUtilities": {
        "type": "CentralTransitive",
        "requested": "[0.3.0, )",
        "resolved": "0.3.0",
        "contentHash": "KxXxwL8SJoI63rb7onZKL7rBZmoWQj2aVLNf7ZMNzq6mvfEzR8XInvIAi+hj6NGDm9IvcQ0YJ2SWTUHoPjTABg=="
      }
    }
  }
}