{
  "version": 2,
  "dependencies": {
    "net10.0": {
      "Microsoft.NET.ILLink.Tasks": {
        "type": "Direct",
        "requested": "[10.0.8, )",
        "resolved": "10.0.8",
        "contentHash": "dVbSXGIFNR5nZcv2tOLoWI+a9T4jtFd77IYjuND+QVe360qWgAF7H0WtoopYhRw/+SgpGUTyrkrh+65+ClNnfw=="
      },
      "doroti.framework.animation": {
        "type": "Project",
        "dependencies": {
          "Doroti.Framework.Foundation": "[0.2.0-beta, )",
          "Doroti.Framework.Physics": "[0.2.0-beta, )",
          "Doroti.Framework.Scheduler": "[0.2.0-beta, )",
          "Doroti.Framework.Services": "[0.2.0-beta, )",
          "Doroti.Runtime": "[0.2.0-beta, )",
          "Doroti.Ui": "[0.2.0-beta, )"
        }
      },
      "doroti.framework.foundation": {
        "type": "Project",
        "dependencies": {
          "Doroti.Runtime": "[0.2.0-beta, )",
          "Doroti.Ui": "[0.2.0-beta, )"
        }
      },
      "doroti.framework.gestures": {
        "type": "Project",
        "dependencies": {
          "Doroti.Framework.Foundation": "[0.2.0-beta, )",
          "Doroti.Framework.Scheduler": "[0.2.0-beta, )",
          "Doroti.Framework.Services": "[0.2.0-beta, )",
          "Doroti.Runtime": "[0.2.0-beta, )",
          "Doroti.Ui": "[0.2.0-beta, )"
        }
      },
      "doroti.framework.painting": {
        "type": "Project",
        "dependencies": {
          "Doroti.Framework.Animation": "[0.2.0-beta, )",
          "Doroti.Framework.Foundation": "[0.2.0-beta, )",
          "Doroti.Framework.Gestures": "[0.2.0-beta, )",
          "Doroti.Framework.Physics": "[0.2.0-beta, )",
          "Doroti.Framework.Scheduler": "[0.2.0-beta, )",
          "Doroti.Framework.Services": "[0.2.0-beta, )",
          "Doroti.Runtime": "[0.2.0-beta, )",
          "Doroti.Ui": "[0.2.0-beta, )"
        }
      },
      "doroti.framework.physics": {
        "type": "Project",
        "dependencies": {
          "Doroti.Framework.Foundation": "[0.2.0-beta, )",
          "Doroti.Framework.Scheduler": "[0.2.0-beta, )",
          "Doroti.Framework.Services": "[0.2.0-beta, )",
          "Doroti.Runtime": "[0.2.0-beta, )",
          "Doroti.Ui": "[0.2.0-beta, )"
        }
      },
      "doroti.framework.rendering": {
        "type": "Project",
        "dependencies": {
          "Doroti.Framework.Animation": "[0.2.0-beta, )",
          "Doroti.Framework.Foundation": "[0.2.0-beta, )",
          "Doroti.Framework.Gestures": "[0.2.0-beta, )",
          "Doroti.Framework.Painting": "[0.2.0-beta, )",
          "Doroti.Framework.Physics": "[0.2.0-beta, )",
          "Doroti.Framework.Scheduler": "[0.2.0-beta, )",
          "Doroti.Framework.Semantics": "[0.2.0-beta, )",
          "Doroti.Framework.Services": "[0.2.0-beta, )",
          "Doroti.Runtime": "[0.2.0-beta, )",
          "Doroti.Ui": "[0.2.0-beta, )"
        }
      },
      "doroti.framework.scheduler": {
        "type": "Project",
        "dependencies": {
          "Doroti.Framework.Foundation": "[0.2.0-beta, )",
          "Doroti.Runtime": "[0.2.0-beta, )",
          "Doroti.Ui": "[0.2.0-beta, )"
        }
      },
      "doroti.framework.semantics": {
        "type": "Project",
        "dependencies": {
          "Doroti.Framework.Animation": "[0.2.0-beta, )",
          "Doroti.Framework.Foundation": "[0.2.0-beta, )",
          "Doroti.Framework.Gestures": "[0.2.0-beta, )",
          "Doroti.Framework.Painting": "[0.2.0-beta, )",
          "Doroti.Framework.Physics": "[0.2.0-beta, )",
          "Doroti.Framework.Scheduler": "[0.2.0-beta, )",
          "Doroti.Framework.Services": "[0.2.0-beta, )",
          "Doroti.Runtime": "[0.2.0-beta, )",
          "Doroti.Ui": "[0.2.0-beta, )"
        }
      },
      "doroti.framework.services": {
        "type": "Project",
        "dependencies": {
          "Doroti.Framework.Foundation": "[0.2.0-beta, )",
          "Doroti.Framework.Scheduler": "[0.2.0-beta, )",
          "Doroti.Runtime": "[0.2.0-beta, )",
          "Doroti.Ui": "[0.2.0-beta, )"
        }
      },
      "doroti.hosting": {
        "type": "Project",
        "dependencies": {
          "Doroti.Runtime": "[0.2.0-beta, )",
          "Doroti.Ui": "[0.2.0-beta, )"
        }
      },
      "doroti.runtime": {
        "type": "Project",
        "dependencies": {
          "MaterialColorUtilities": "[0.3.0, )"
        }
      },
      "doroti.ui": {
        "type": "Project",
        "dependencies": {
          "Doroti.Runtime": "[0.2.0-beta, )"
        }
      },
      "MaterialColorUtilities": {
        "type": "CentralTransitive",
        "requested": "[0.3.0, )",
        "resolved": "0.3.0",
        "contentHash": "KxXxwL8SJoI63rb7onZKL7rBZmoWQj2aVLNf7ZMNzq6mvfEzR8XInvIAi+hj6NGDm9IvcQ0YJ2SWTUHoPjTABg=="
      }
    },
    "net10.0/browser-wasm": {}
  }
}